PODS:
  - IGListKit (3.4.0):
    - IGListKit/Default (= 3.4.0)
  - IGListKit/Default (3.4.0):
    - IGListKit/Diffing
  - IGListKit/Diffing (3.4.0)
  - RxCocoa (5.0.0):
    - RxRelay (~> 5)
    - RxSwift (~> 5)
  - RxIGListKit (0.1.0):
    - IGListKit
    - RxCocoa
  - RxRelay (5.0.0):
    - RxSwift (~> 5)
  - RxSwift (5.0.0)

DEPENDENCIES:
  - RxIGListKit (from `../`)

SPEC REPOS:
  https://github.com/cocoapods/specs.git:
    - IGListKit
    - RxCocoa
    - RxRelay
    - RxSwift

EXTERNAL SOURCES:
  RxIGListKit:
    :path: "../"

SPEC CHECKSUMS:
  IGListKit: 7a5d788e9fb746bcd402baa8e8b24bc3bd2a5a07
  RxCocoa: fcf32050ac00d801f34a7f71d5e8e7f23026dcd8
  RxIGListKit: e9b2ceb1e41c2f896b98c626f9fd897a06212a16
  RxRelay: 4f7409406a51a55cd88483f21ed898c234d60f18
  RxSwift: 8b0671caa829a763bbce7271095859121cbd895f

PODFILE CHECKSUM: 865b47b44d9402cd7083dc5229c66985a8abfcb2

COCOAPODS: 1.6.1
