// !$*UTF8*$!
{
	archiveVersion = 1;
	classes = {
	};
	objectVersion = 46;
	objects = {

/* Begin PBXBuildFile section */
		0466CDA4AC48FF503FF0014D /* Pods_RxIGListKit_Example.framework in Frameworks */ = {isa = PBXBuildFile; fileRef = 2EC1BDDB91B48E3CCEFF675A /* Pods_RxIGListKit_Example.framework */; };
		607FACD61AFB9204008FA782 /* AppDelegate.swift in Sources */ = {isa = PBXBuildFile; fileRef = 607FACD51AFB9204008FA782 /* AppDelegate.swift */; };
		607FACD81AFB9204008FA782 /* ViewController.swift in Sources */ = {isa = PBXBuildFile; fileRef = 607FACD71AFB9204008FA782 /* ViewController.swift */; };
		607FACDB1AFB9204008FA782 /* Main.storyboard in Resources */ = {isa = PBXBuildFile; fileRef = 607FACD91AFB9204008FA782 /* Main.storyboard */; };
		607FACDD1AFB9204008FA782 /* Images.xcassets in Resources */ = {isa = PBXBuildFile; fileRef = 607FACDC1AFB9204008FA782 /* Images.xcassets */; };
		607FACE01AFB9204008FA782 /* LaunchScreen.xib in Resources */ = {isa = PBXBuildFile; fileRef = 607FACDE1AFB9204008FA782 /* LaunchScreen.xib */; };
		607FACEC1AFB9204008FA782 /* Tests.swift in Sources */ = {isa = PBXBuildFile; fileRef = 607FACEB1AFB9204008FA782 /* Tests.swift */; };
		6F74EBFB4EE28130A371F329 /* Pods_RxIGListKit_Tests.framework in Frameworks */ = {isa = PBXBuildFile; fileRef = C7B474E1C8814C1B7D62E2A6 /* Pods_RxIGListKit_Tests.framework */; };
		841EA9082267264800A817AD /* ReorderableViewController.swift in Sources */ = {isa = PBXBuildFile; fileRef = 841EA9072267264800A817AD /* ReorderableViewController.swift */; };
		841EA90A2267275100A817AD /* ReorderableSectionController.swift in Sources */ = {isa = PBXBuildFile; fileRef = 841EA9092267275100A817AD /* ReorderableSectionController.swift */; };
		842F4851224FBA2700719FC9 /* FeedSectionController.swift in Sources */ = {isa = PBXBuildFile; fileRef = 842F4850224FBA2700719FC9 /* FeedSectionController.swift */; };
		84804A8B22492414000E26F4 /* CenterItem.swift in Sources */ = {isa = PBXBuildFile; fileRef = 84804A8A22492414000E26F4 /* CenterItem.swift */; };
		84CE8A142259F29A00B2D86A /* DemosViewController.swift in Sources */ = {isa = PBXBuildFile; fileRef = 84CE8A132259F29A00B2D86A /* DemosViewController.swift */; };
		84CE8A162259F2DA00B2D86A /* DemoSectionController.swift in Sources */ = {isa = PBXBuildFile; fileRef = 84CE8A152259F2DA00B2D86A /* DemoSectionController.swift */; };
		84CE8B592259F42D00B2D86A /* Demo.storyboard in Resources */ = {isa = PBXBuildFile; fileRef = 84CE8B582259F42D00B2D86A /* Demo.storyboard */; };
		84CE8B5B2259F47B00B2D86A /* StoryboardViewController.swift in Sources */ = {isa = PBXBuildFile; fileRef = 84CE8B5A2259F47B00B2D86A /* StoryboardViewController.swift */; };
		84CE8B5F2259F52500B2D86A /* StoryboardLabelSectionController.swift in Sources */ = {isa = PBXBuildFile; fileRef = 84CE8B5E2259F52500B2D86A /* StoryboardLabelSectionController.swift */; };
		84CE8B612259F57200B2D86A /* StoryboardCell.swift in Sources */ = {isa = PBXBuildFile; fileRef = 84CE8B602259F57200B2D86A /* StoryboardCell.swift */; };
		84CE8B632259F95600B2D86A /* SingleSectionStoryboardViewController.swift in Sources */ = {isa = PBXBuildFile; fileRef = 84CE8B622259F95600B2D86A /* SingleSectionStoryboardViewController.swift */; };
		84CE8B67225A1E4B00B2D86A /* SelectionModel.swift in Sources */ = {isa = PBXBuildFile; fileRef = 84CE8B66225A1E4B00B2D86A /* SelectionModel.swift */; };
		84CE8B6B225A1ED000B2D86A /* ManuallySelfSizingCell.swift in Sources */ = {isa = PBXBuildFile; fileRef = 84CE8B6A225A1ECF00B2D86A /* ManuallySelfSizingCell.swift */; };
		84CE8B6D225A1EF100B2D86A /* FullWidthSelfSizingCell.swift in Sources */ = {isa = PBXBuildFile; fileRef = 84CE8B6C225A1EF100B2D86A /* FullWidthSelfSizingCell.swift */; };
		84CE8B70225A1F1600B2D86A /* NibSelfSizingCell.xib in Resources */ = {isa = PBXBuildFile; fileRef = 84CE8B6E225A1F1600B2D86A /* NibSelfSizingCell.xib */; };
		84CE8B71225A1F1600B2D86A /* NibSelfSizingCell.swift in Sources */ = {isa = PBXBuildFile; fileRef = 84CE8B6F225A1F1600B2D86A /* NibSelfSizingCell.swift */; };
		84CE8B73225A23F200B2D86A /* WorkingRangeViewController.swift in Sources */ = {isa = PBXBuildFile; fileRef = 84CE8B72225A23F200B2D86A /* WorkingRangeViewController.swift */; };
		84CE8B75225A240A00B2D86A /* WorkingRangeSectionController.swift in Sources */ = {isa = PBXBuildFile; fileRef = 84CE8B74225A240A00B2D86A /* WorkingRangeSectionController.swift */; };
		84CE8B77225A24EB00B2D86A /* ImageCell.swift in Sources */ = {isa = PBXBuildFile; fileRef = 84CE8B76225A24EB00B2D86A /* ImageCell.swift */; };
		84CE8B79225A2E2800B2D86A /* StackedViewController.swift in Sources */ = {isa = PBXBuildFile; fileRef = 84CE8B78225A2E2700B2D86A /* StackedViewController.swift */; };
		84CE8B7B225A2E4300B2D86A /* DisplaySectionController.swift in Sources */ = {isa = PBXBuildFile; fileRef = 84CE8B7A225A2E4200B2D86A /* DisplaySectionController.swift */; };
		84CE8B7F225A3B3800B2D86A /* Person.swift in Sources */ = {isa = PBXBuildFile; fileRef = 84CE8B7E225A3B3800B2D86A /* Person.swift */; };
		84DEEE1F2261BE95003832BD /* CalendarViewController.swift in Sources */ = {isa = PBXBuildFile; fileRef = 84DEEE1E2261BE95003832BD /* CalendarViewController.swift */; };
		84DEEE212261BEB5003832BD /* Month.swift in Sources */ = {isa = PBXBuildFile; fileRef = 84DEEE202261BEB5003832BD /* Month.swift */; };
		84DEEE232261BECF003832BD /* MonthSectionController.swift in Sources */ = {isa = PBXBuildFile; fileRef = 84DEEE222261BECF003832BD /* MonthSectionController.swift */; };
		84DEEE262261BF0D003832BD /* DayViewModel.swift in Sources */ = {isa = PBXBuildFile; fileRef = 84DEEE242261BF0D003832BD /* DayViewModel.swift */; };
		84DEEE272261BF0D003832BD /* MonthTitleViewModel.swift in Sources */ = {isa = PBXBuildFile; fileRef = 84DEEE252261BF0D003832BD /* MonthTitleViewModel.swift */; };
		84DEEE2A2261BF33003832BD /* MonthTitleCell.swift in Sources */ = {isa = PBXBuildFile; fileRef = 84DEEE282261BF32003832BD /* MonthTitleCell.swift */; };
		84DEEE2B2261BF33003832BD /* CalendarDayCell.swift in Sources */ = {isa = PBXBuildFile; fileRef = 84DEEE292261BF32003832BD /* CalendarDayCell.swift */; };
		84F30AD9225596B1008DA454 /* TailLoadingViewController.swift in Sources */ = {isa = PBXBuildFile; fileRef = 84F30AD8225596B1008DA454 /* TailLoadingViewController.swift */; };
		84F30ADC2255D2E6008DA454 /* SpinSection.swift in Sources */ = {isa = PBXBuildFile; fileRef = 84F30ADB2255D2E6008DA454 /* SpinSection.swift */; };
		84F30ADE2255D33D008DA454 /* LabelSectionController.swift in Sources */ = {isa = PBXBuildFile; fileRef = 84F30ADD2255D33D008DA454 /* LabelSectionController.swift */; };
		84F30AE12255D3B0008DA454 /* LabelCell.swift in Sources */ = {isa = PBXBuildFile; fileRef = 84F30AE02255D3B0008DA454 /* LabelCell.swift */; };
		84F30AE3225605AA008DA454 /* SearchViewController.swift in Sources */ = {isa = PBXBuildFile; fileRef = 84F30AE2225605AA008DA454 /* SearchViewController.swift */; };
		84F30AE822564D19008DA454 /* MixedDataViewController.swift in Sources */ = {isa = PBXBuildFile; fileRef = 84F30AE722564D19008DA454 /* MixedDataViewController.swift */; };
		84F30AEA22564E98008DA454 /* GridSectionController.swift in Sources */ = {isa = PBXBuildFile; fileRef = 84F30AE922564E97008DA454 /* GridSectionController.swift */; };
		84F30AEC22564EB5008DA454 /* User.swift in Sources */ = {isa = PBXBuildFile; fileRef = 84F30AEB22564EB5008DA454 /* User.swift */; };
		84F30AF222564FAD008DA454 /* CenterLabelCell.swift in Sources */ = {isa = PBXBuildFile; fileRef = 84F30AF122564FAC008DA454 /* CenterLabelCell.swift */; };
		84F30AF42256522B008DA454 /* ExpandableSectionController.swift in Sources */ = {isa = PBXBuildFile; fileRef = 84F30AF32256522B008DA454 /* ExpandableSectionController.swift */; };
		84F30AF622565290008DA454 /* UserSectionController.swift in Sources */ = {isa = PBXBuildFile; fileRef = 84F30AF522565290008DA454 /* UserSectionController.swift */; };
		84F30AF8225652DB008DA454 /* DetailLabelCell.swift in Sources */ = {isa = PBXBuildFile; fileRef = 84F30AF7225652DB008DA454 /* DetailLabelCell.swift */; };
		84F30AFA22579A23008DA454 /* NestedAdapterViewController.swift in Sources */ = {isa = PBXBuildFile; fileRef = 84F30AF922579A23008DA454 /* NestedAdapterViewController.swift */; };
		84F30AFC22579CE7008DA454 /* HorizontalSectionController.swift in Sources */ = {isa = PBXBuildFile; fileRef = 84F30AFB22579CE7008DA454 /* HorizontalSectionController.swift */; };
		84F30AFE22579D46008DA454 /* EmbeddedCollectionViewCell.swift in Sources */ = {isa = PBXBuildFile; fileRef = 84F30AFD22579D46008DA454 /* EmbeddedCollectionViewCell.swift */; };
		84F30B0022579DCE008DA454 /* EmbeddedSectionController.swift in Sources */ = {isa = PBXBuildFile; fileRef = 84F30AFF22579DCD008DA454 /* EmbeddedSectionController.swift */; };
		84F30B022257A609008DA454 /* EmptyViewController.swift in Sources */ = {isa = PBXBuildFile; fileRef = 84F30B012257A609008DA454 /* EmptyViewController.swift */; };
		84F30B042257A69E008DA454 /* RemoveSectionController.swift in Sources */ = {isa = PBXBuildFile; fileRef = 84F30B032257A69D008DA454 /* RemoveSectionController.swift */; };
		84F30B062257A6C7008DA454 /* RemoveCell.swift in Sources */ = {isa = PBXBuildFile; fileRef = 84F30B052257A6C7008DA454 /* RemoveCell.swift */; };
		84F30B0D2258C1B1008DA454 /* SingleSectionViewController.swift in Sources */ = {isa = PBXBuildFile; fileRef = 84F30B0C2258C1B1008DA454 /* SingleSectionViewController.swift */; };
		84FA66702247CF1600BB0B68 /* Feed.swift in Sources */ = {isa = PBXBuildFile; fileRef = 84FA666F2247CF1600BB0B68 /* Feed.swift */; };
		84FA66732247D47100BB0B68 /* FeedCell.swift in Sources */ = {isa = PBXBuildFile; fileRef = 84FA66712247D47100BB0B68 /* FeedCell.swift */; };
		84FA66742247D47100BB0B68 /* FeedCell.xib in Resources */ = {isa = PBXBuildFile; fileRef = 84FA66722247D47100BB0B68 /* FeedCell.xib */; };
/* End PBXBuildFile section */

/* Begin PBXContainerItemProxy section */
		607FACE61AFB9204008FA782 /* PBXContainerItemProxy */ = {
			isa = PBXContainerItemProxy;
			containerPortal = 607FACC81AFB9204008FA782 /* Project object */;
			proxyType = 1;
			remoteGlobalIDString = 607FACCF1AFB9204008FA782;
			remoteInfo = RxIGListKit;
		};
/* End PBXContainerItemProxy section */

/* Begin PBXFileReference section */
		0E2A00BDCABBD11829BB5BD4 /* Pods-RxIGListKit_Example.release.xcconfig */ = {isa = PBXFileReference; includeInIndex = 1; lastKnownFileType = text.xcconfig; name = "Pods-RxIGListKit_Example.release.xcconfig"; path = "Pods/Target Support Files/Pods-RxIGListKit_Example/Pods-RxIGListKit_Example.release.xcconfig"; sourceTree = "<group>"; };
		1E0C94DF3469DA7D211A3E14 /* Pods-RxIGListKit_Tests.release.xcconfig */ = {isa = PBXFileReference; includeInIndex = 1; lastKnownFileType = text.xcconfig; name = "Pods-RxIGListKit_Tests.release.xcconfig"; path = "Pods/Target Support Files/Pods-RxIGListKit_Tests/Pods-RxIGListKit_Tests.release.xcconfig"; sourceTree = "<group>"; };
		2EC1BDDB91B48E3CCEFF675A /* Pods_RxIGListKit_Example.framework */ = {isa = PBXFileReference; explicitFileType = wrapper.framework; includeInIndex = 0; path = Pods_RxIGListKit_Example.framework; sourceTree = BUILT_PRODUCTS_DIR; };
		45BA07AF27EAEBFB31D84918 /* Pods-RxIGListKit_Example.debug.xcconfig */ = {isa = PBXFileReference; includeInIndex = 1; lastKnownFileType = text.xcconfig; name = "Pods-RxIGListKit_Example.debug.xcconfig"; path = "Pods/Target Support Files/Pods-RxIGListKit_Example/Pods-RxIGListKit_Example.debug.xcconfig"; sourceTree = "<group>"; };
		607FACD01AFB9204008FA782 /* RxIGListKit_Example.app */ = {isa = PBXFileReference; explicitFileType = wrapper.application; includeInIndex = 0; path = RxIGListKit_Example.app; sourceTree = BUILT_PRODUCTS_DIR; };
		607FACD41AFB9204008FA782 /* Info.plist */ = {isa = PBXFileReference; lastKnownFileType = text.plist.xml; path = Info.plist; sourceTree = "<group>"; };
		607FACD51AFB9204008FA782 /* AppDelegate.swift */ = {isa = PBXFileReference; lastKnownFileType = sourcecode.swift; path = AppDelegate.swift; sourceTree = "<group>"; };
		607FACD71AFB9204008FA782 /* ViewController.swift */ = {isa = PBXFileReference; lastKnownFileType = sourcecode.swift; path = ViewController.swift; sourceTree = "<group>"; };
		607FACDA1AFB9204008FA782 /* Base */ = {isa = PBXFileReference; lastKnownFileType = file.storyboard; name = Base; path = Base.lproj/Main.storyboard; sourceTree = "<group>"; };
		607FACDC1AFB9204008FA782 /* Images.xcassets */ = {isa = PBXFileReference; lastKnownFileType = folder.assetcatalog; path = Images.xcassets; sourceTree = "<group>"; };
		607FACDF1AFB9204008FA782 /* Base */ = {isa = PBXFileReference; lastKnownFileType = file.xib; name = Base; path = Base.lproj/LaunchScreen.xib; sourceTree = "<group>"; };
		607FACE51AFB9204008FA782 /* RxIGListKit_Tests.xctest */ = {isa = PBXFileReference; explicitFileType = wrapper.cfbundle; includeInIndex = 0; path = RxIGListKit_Tests.xctest; sourceTree = BUILT_PRODUCTS_DIR; };
		607FACEA1AFB9204008FA782 /* Info.plist */ = {isa = PBXFileReference; lastKnownFileType = text.plist.xml; path = Info.plist; sourceTree = "<group>"; };
		607FACEB1AFB9204008FA782 /* Tests.swift */ = {isa = PBXFileReference; lastKnownFileType = sourcecode.swift; path = Tests.swift; sourceTree = "<group>"; };
		841EA9072267264800A817AD /* ReorderableViewController.swift */ = {isa = PBXFileReference; fileEncoding = 4; lastKnownFileType = sourcecode.swift; path = ReorderableViewController.swift; sourceTree = "<group>"; };
		841EA9092267275100A817AD /* ReorderableSectionController.swift */ = {isa = PBXFileReference; fileEncoding = 4; lastKnownFileType = sourcecode.swift; path = ReorderableSectionController.swift; sourceTree = "<group>"; };
		842F4850224FBA2700719FC9 /* FeedSectionController.swift */ = {isa = PBXFileReference; lastKnownFileType = sourcecode.swift; path = FeedSectionController.swift; sourceTree = "<group>"; };
		84804A8A22492414000E26F4 /* CenterItem.swift */ = {isa = PBXFileReference; lastKnownFileType = sourcecode.swift; path = CenterItem.swift; sourceTree = "<group>"; };
		84CE8A132259F29A00B2D86A /* DemosViewController.swift */ = {isa = PBXFileReference; fileEncoding = 4; lastKnownFileType = sourcecode.swift; path = DemosViewController.swift; sourceTree = "<group>"; };
		84CE8A152259F2DA00B2D86A /* DemoSectionController.swift */ = {isa = PBXFileReference; fileEncoding = 4; lastKnownFileType = sourcecode.swift; path = DemoSectionController.swift; sourceTree = "<group>"; };
		84CE8B582259F42D00B2D86A /* Demo.storyboard */ = {isa = PBXFileReference; fileEncoding = 4; lastKnownFileType = file.storyboard; path = Demo.storyboard; sourceTree = "<group>"; };
		84CE8B5A2259F47B00B2D86A /* StoryboardViewController.swift */ = {isa = PBXFileReference; fileEncoding = 4; lastKnownFileType = sourcecode.swift; path = StoryboardViewController.swift; sourceTree = "<group>"; };
		84CE8B5E2259F52500B2D86A /* StoryboardLabelSectionController.swift */ = {isa = PBXFileReference; fileEncoding = 4; lastKnownFileType = sourcecode.swift; path = StoryboardLabelSectionController.swift; sourceTree = "<group>"; };
		84CE8B602259F57200B2D86A /* StoryboardCell.swift */ = {isa = PBXFileReference; fileEncoding = 4; lastKnownFileType = sourcecode.swift; path = StoryboardCell.swift; sourceTree = "<group>"; };
		84CE8B622259F95600B2D86A /* SingleSectionStoryboardViewController.swift */ = {isa = PBXFileReference; fileEncoding = 4; lastKnownFileType = sourcecode.swift; path = SingleSectionStoryboardViewController.swift; sourceTree = "<group>"; };
		84CE8B66225A1E4B00B2D86A /* SelectionModel.swift */ = {isa = PBXFileReference; fileEncoding = 4; lastKnownFileType = sourcecode.swift; path = SelectionModel.swift; sourceTree = "<group>"; };
		84CE8B6A225A1ECF00B2D86A /* ManuallySelfSizingCell.swift */ = {isa = PBXFileReference; fileEncoding = 4; lastKnownFileType = sourcecode.swift; path = ManuallySelfSizingCell.swift; sourceTree = "<group>"; };
		84CE8B6C225A1EF100B2D86A /* FullWidthSelfSizingCell.swift */ = {isa = PBXFileReference; fileEncoding = 4; lastKnownFileType = sourcecode.swift; path = FullWidthSelfSizingCell.swift; sourceTree = "<group>"; };
		84CE8B6E225A1F1600B2D86A /* NibSelfSizingCell.xib */ = {isa = PBXFileReference; fileEncoding = 4; lastKnownFileType = file.xib; path = NibSelfSizingCell.xib; sourceTree = "<group>"; };
		84CE8B6F225A1F1600B2D86A /* NibSelfSizingCell.swift */ = {isa = PBXFileReference; fileEncoding = 4; lastKnownFileType = sourcecode.swift; path = NibSelfSizingCell.swift; sourceTree = "<group>"; };
		84CE8B72225A23F200B2D86A /* WorkingRangeViewController.swift */ = {isa = PBXFileReference; fileEncoding = 4; lastKnownFileType = sourcecode.swift; path = WorkingRangeViewController.swift; sourceTree = "<group>"; };
		84CE8B74225A240A00B2D86A /* WorkingRangeSectionController.swift */ = {isa = PBXFileReference; fileEncoding = 4; lastKnownFileType = sourcecode.swift; path = WorkingRangeSectionController.swift; sourceTree = "<group>"; };
		84CE8B76225A24EB00B2D86A /* ImageCell.swift */ = {isa = PBXFileReference; fileEncoding = 4; lastKnownFileType = sourcecode.swift; path = ImageCell.swift; sourceTree = "<group>"; };
		84CE8B78225A2E2700B2D86A /* StackedViewController.swift */ = {isa = PBXFileReference; fileEncoding = 4; lastKnownFileType = sourcecode.swift; path = StackedViewController.swift; sourceTree = "<group>"; };
		84CE8B7A225A2E4200B2D86A /* DisplaySectionController.swift */ = {isa = PBXFileReference; fileEncoding = 4; lastKnownFileType = sourcecode.swift; path = DisplaySectionController.swift; sourceTree = "<group>"; };
		84CE8B7E225A3B3800B2D86A /* Person.swift */ = {isa = PBXFileReference; fileEncoding = 4; lastKnownFileType = sourcecode.swift; path = Person.swift; sourceTree = "<group>"; };
		84D16942D43A4E79C666B015 /* RxIGListKit.podspec */ = {isa = PBXFileReference; includeInIndex = 1; lastKnownFileType = text; name = RxIGListKit.podspec; path = ../RxIGListKit.podspec; sourceTree = "<group>"; xcLanguageSpecificationIdentifier = xcode.lang.ruby; };
		84DEEE1E2261BE95003832BD /* CalendarViewController.swift */ = {isa = PBXFileReference; fileEncoding = 4; lastKnownFileType = sourcecode.swift; path = CalendarViewController.swift; sourceTree = "<group>"; };
		84DEEE202261BEB5003832BD /* Month.swift */ = {isa = PBXFileReference; fileEncoding = 4; lastKnownFileType = sourcecode.swift; path = Month.swift; sourceTree = "<group>"; };
		84DEEE222261BECF003832BD /* MonthSectionController.swift */ = {isa = PBXFileReference; fileEncoding = 4; lastKnownFileType = sourcecode.swift; path = MonthSectionController.swift; sourceTree = "<group>"; };
		84DEEE242261BF0D003832BD /* DayViewModel.swift */ = {isa = PBXFileReference; fileEncoding = 4; lastKnownFileType = sourcecode.swift; path = DayViewModel.swift; sourceTree = "<group>"; };
		84DEEE252261BF0D003832BD /* MonthTitleViewModel.swift */ = {isa = PBXFileReference; fileEncoding = 4; lastKnownFileType = sourcecode.swift; path = MonthTitleViewModel.swift; sourceTree = "<group>"; };
		84DEEE282261BF32003832BD /* MonthTitleCell.swift */ = {isa = PBXFileReference; fileEncoding = 4; lastKnownFileType = sourcecode.swift; path = MonthTitleCell.swift; sourceTree = "<group>"; };
		84DEEE292261BF32003832BD /* CalendarDayCell.swift */ = {isa = PBXFileReference; fileEncoding = 4; lastKnownFileType = sourcecode.swift; path = CalendarDayCell.swift; sourceTree = "<group>"; };
		84F30AD8225596B1008DA454 /* TailLoadingViewController.swift */ = {isa = PBXFileReference; lastKnownFileType = sourcecode.swift; path = TailLoadingViewController.swift; sourceTree = "<group>"; };
		84F30ADB2255D2E6008DA454 /* SpinSection.swift */ = {isa = PBXFileReference; lastKnownFileType = sourcecode.swift; path = SpinSection.swift; sourceTree = "<group>"; };
		84F30ADD2255D33D008DA454 /* LabelSectionController.swift */ = {isa = PBXFileReference; lastKnownFileType = sourcecode.swift; path = LabelSectionController.swift; sourceTree = "<group>"; };
		84F30AE02255D3B0008DA454 /* LabelCell.swift */ = {isa = PBXFileReference; lastKnownFileType = sourcecode.swift; path = LabelCell.swift; sourceTree = "<group>"; };
		84F30AE2225605AA008DA454 /* SearchViewController.swift */ = {isa = PBXFileReference; lastKnownFileType = sourcecode.swift; path = SearchViewController.swift; sourceTree = "<group>"; };
		84F30AE722564D19008DA454 /* MixedDataViewController.swift */ = {isa = PBXFileReference; lastKnownFileType = sourcecode.swift; path = MixedDataViewController.swift; sourceTree = "<group>"; };
		84F30AE922564E97008DA454 /* GridSectionController.swift */ = {isa = PBXFileReference; fileEncoding = 4; lastKnownFileType = sourcecode.swift; path = GridSectionController.swift; sourceTree = "<group>"; };
		84F30AEB22564EB5008DA454 /* User.swift */ = {isa = PBXFileReference; fileEncoding = 4; lastKnownFileType = sourcecode.swift; path = User.swift; sourceTree = "<group>"; };
		84F30AF122564FAC008DA454 /* CenterLabelCell.swift */ = {isa = PBXFileReference; fileEncoding = 4; lastKnownFileType = sourcecode.swift; path = CenterLabelCell.swift; sourceTree = "<group>"; };
		84F30AF32256522B008DA454 /* ExpandableSectionController.swift */ = {isa = PBXFileReference; fileEncoding = 4; lastKnownFileType = sourcecode.swift; path = ExpandableSectionController.swift; sourceTree = "<group>"; };
		84F30AF522565290008DA454 /* UserSectionController.swift */ = {isa = PBXFileReference; fileEncoding = 4; lastKnownFileType = sourcecode.swift; path = UserSectionController.swift; sourceTree = "<group>"; };
		84F30AF7225652DB008DA454 /* DetailLabelCell.swift */ = {isa = PBXFileReference; fileEncoding = 4; lastKnownFileType = sourcecode.swift; path = DetailLabelCell.swift; sourceTree = "<group>"; };
		84F30AF922579A23008DA454 /* NestedAdapterViewController.swift */ = {isa = PBXFileReference; lastKnownFileType = sourcecode.swift; path = NestedAdapterViewController.swift; sourceTree = "<group>"; };
		84F30AFB22579CE7008DA454 /* HorizontalSectionController.swift */ = {isa = PBXFileReference; fileEncoding = 4; lastKnownFileType = sourcecode.swift; path = HorizontalSectionController.swift; sourceTree = "<group>"; };
		84F30AFD22579D46008DA454 /* EmbeddedCollectionViewCell.swift */ = {isa = PBXFileReference; fileEncoding = 4; lastKnownFileType = sourcecode.swift; path = EmbeddedCollectionViewCell.swift; sourceTree = "<group>"; };
		84F30AFF22579DCD008DA454 /* EmbeddedSectionController.swift */ = {isa = PBXFileReference; fileEncoding = 4; lastKnownFileType = sourcecode.swift; path = EmbeddedSectionController.swift; sourceTree = "<group>"; };
		84F30B012257A609008DA454 /* EmptyViewController.swift */ = {isa = PBXFileReference; lastKnownFileType = sourcecode.swift; path = EmptyViewController.swift; sourceTree = "<group>"; };
		84F30B032257A69D008DA454 /* RemoveSectionController.swift */ = {isa = PBXFileReference; fileEncoding = 4; lastKnownFileType = sourcecode.swift; path = RemoveSectionController.swift; sourceTree = "<group>"; };
		84F30B052257A6C7008DA454 /* RemoveCell.swift */ = {isa = PBXFileReference; fileEncoding = 4; lastKnownFileType = sourcecode.swift; path = RemoveCell.swift; sourceTree = "<group>"; };
		84F30B0C2258C1B1008DA454 /* SingleSectionViewController.swift */ = {isa = PBXFileReference; fileEncoding = 4; lastKnownFileType = sourcecode.swift; path = SingleSectionViewController.swift; sourceTree = "<group>"; };
		84FA666F2247CF1600BB0B68 /* Feed.swift */ = {isa = PBXFileReference; lastKnownFileType = sourcecode.swift; path = Feed.swift; sourceTree = "<group>"; };
		84FA66712247D47100BB0B68 /* FeedCell.swift */ = {isa = PBXFileReference; lastKnownFileType = sourcecode.swift; path = FeedCell.swift; sourceTree = "<group>"; };
		84FA66722247D47100BB0B68 /* FeedCell.xib */ = {isa = PBXFileReference; lastKnownFileType = file.xib; path = FeedCell.xib; sourceTree = "<group>"; };
		B1D0884007A8C93E1894F8E0 /* Pods-RxIGListKit_Tests.debug.xcconfig */ = {isa = PBXFileReference; includeInIndex = 1; lastKnownFileType = text.xcconfig; name = "Pods-RxIGListKit_Tests.debug.xcconfig"; path = "Pods/Target Support Files/Pods-RxIGListKit_Tests/Pods-RxIGListKit_Tests.debug.xcconfig"; sourceTree = "<group>"; };
		C7B474E1C8814C1B7D62E2A6 /* Pods_RxIGListKit_Tests.framework */ = {isa = PBXFileReference; explicitFileType = wrapper.framework; includeInIndex = 0; path = Pods_RxIGListKit_Tests.framework; sourceTree = BUILT_PRODUCTS_DIR; };
		D5AED3F0B5314063D66922BC /* README.md */ = {isa = PBXFileReference; includeInIndex = 1; lastKnownFileType = net.daringfireball.markdown; name = README.md; path = ../README.md; sourceTree = "<group>"; };
		DC7324895DF4010C558619A5 /* LICENSE */ = {isa = PBXFileReference; includeInIndex = 1; lastKnownFileType = text; name = LICENSE; path = ../LICENSE; sourceTree = "<group>"; };
/* End PBXFileReference section */

/* Begin PBXFrameworksBuildPhase section */
		607FACCD1AFB9204008FA782 /* Frameworks */ = {
			isa = PBXFrameworksBuildPhase;
			buildActionMask = 2147483647;
			files = (
				0466CDA4AC48FF503FF0014D /* Pods_RxIGListKit_Example.framework in Frameworks */,
			);
			runOnlyForDeploymentPostprocessing = 0;
		};
		607FACE21AFB9204008FA782 /* Frameworks */ = {
			isa = PBXFrameworksBuildPhase;
			buildActionMask = 2147483647;
			files = (
				6F74EBFB4EE28130A371F329 /* Pods_RxIGListKit_Tests.framework in Frameworks */,
			);
			runOnlyForDeploymentPostprocessing = 0;
		};
/* End PBXFrameworksBuildPhase section */

/* Begin PBXGroup section */
		520EE551770BF13FCCA0852B /* Frameworks */ = {
			isa = PBXGroup;
			children = (
				2EC1BDDB91B48E3CCEFF675A /* Pods_RxIGListKit_Example.framework */,
				C7B474E1C8814C1B7D62E2A6 /* Pods_RxIGListKit_Tests.framework */,
			);
			name = Frameworks;
			sourceTree = "<group>";
		};
		607FACC71AFB9204008FA782 = {
			isa = PBXGroup;
			children = (
				607FACF51AFB993E008FA782 /* Podspec Metadata */,
				607FACD21AFB9204008FA782 /* Example for RxIGListKit */,
				607FACE81AFB9204008FA782 /* Tests */,
				607FACD11AFB9204008FA782 /* Products */,
				83F837E744D4C5EC31606D74 /* Pods */,
				520EE551770BF13FCCA0852B /* Frameworks */,
			);
			sourceTree = "<group>";
		};
		607FACD11AFB9204008FA782 /* Products */ = {
			isa = PBXGroup;
			children = (
				607FACD01AFB9204008FA782 /* RxIGListKit_Example.app */,
				607FACE51AFB9204008FA782 /* RxIGListKit_Tests.xctest */,
			);
			name = Products;
			sourceTree = "<group>";
		};
		607FACD21AFB9204008FA782 /* Example for RxIGListKit */ = {
			isa = PBXGroup;
			children = (
				84F30AE622564CF5008DA454 /* Models */,
				84F30ADF2255D356008DA454 /* Views */,
				84F30ADA225596BE008DA454 /* SectionControllers */,
				84F30AD72255942A008DA454 /* ViewControllers */,
				607FACD51AFB9204008FA782 /* AppDelegate.swift */,
				84CE8B582259F42D00B2D86A /* Demo.storyboard */,
				607FACD91AFB9204008FA782 /* Main.storyboard */,
				607FACDC1AFB9204008FA782 /* Images.xcassets */,
				607FACDE1AFB9204008FA782 /* LaunchScreen.xib */,
				607FACD31AFB9204008FA782 /* Supporting Files */,
				84FA666F2247CF1600BB0B68 /* Feed.swift */,
				84FA66712247D47100BB0B68 /* FeedCell.swift */,
				84FA66722247D47100BB0B68 /* FeedCell.xib */,
				84804A8A22492414000E26F4 /* CenterItem.swift */,
				842F4850224FBA2700719FC9 /* FeedSectionController.swift */,
			);
			name = "Example for RxIGListKit";
			path = RxIGListKit;
			sourceTree = "<group>";
		};
		607FACD31AFB9204008FA782 /* Supporting Files */ = {
			isa = PBXGroup;
			children = (
				607FACD41AFB9204008FA782 /* Info.plist */,
			);
			name = "Supporting Files";
			sourceTree = "<group>";
		};
		607FACE81AFB9204008FA782 /* Tests */ = {
			isa = PBXGroup;
			children = (
				607FACEB1AFB9204008FA782 /* Tests.swift */,
				607FACE91AFB9204008FA782 /* Supporting Files */,
			);
			path = Tests;
			sourceTree = "<group>";
		};
		607FACE91AFB9204008FA782 /* Supporting Files */ = {
			isa = PBXGroup;
			children = (
				607FACEA1AFB9204008FA782 /* Info.plist */,
			);
			name = "Supporting Files";
			sourceTree = "<group>";
		};
		607FACF51AFB993E008FA782 /* Podspec Metadata */ = {
			isa = PBXGroup;
			children = (
				84D16942D43A4E79C666B015 /* RxIGListKit.podspec */,
				D5AED3F0B5314063D66922BC /* README.md */,
				DC7324895DF4010C558619A5 /* LICENSE */,
			);
			name = "Podspec Metadata";
			sourceTree = "<group>";
		};
		83F837E744D4C5EC31606D74 /* Pods */ = {
			isa = PBXGroup;
			children = (
				45BA07AF27EAEBFB31D84918 /* Pods-RxIGListKit_Example.debug.xcconfig */,
				0E2A00BDCABBD11829BB5BD4 /* Pods-RxIGListKit_Example.release.xcconfig */,
				B1D0884007A8C93E1894F8E0 /* Pods-RxIGListKit_Tests.debug.xcconfig */,
				1E0C94DF3469DA7D211A3E14 /* Pods-RxIGListKit_Tests.release.xcconfig */,
			);
			name = Pods;
			sourceTree = "<group>";
		};
		84F30AD72255942A008DA454 /* ViewControllers */ = {
			isa = PBXGroup;
			children = (
				84CE8A132259F29A00B2D86A /* DemosViewController.swift */,
				84F30B0C2258C1B1008DA454 /* SingleSectionViewController.swift */,
				607FACD71AFB9204008FA782 /* ViewController.swift */,
				84F30AD8225596B1008DA454 /* TailLoadingViewController.swift */,
				84F30AE2225605AA008DA454 /* SearchViewController.swift */,
				84F30AE722564D19008DA454 /* MixedDataViewController.swift */,
				84F30AF922579A23008DA454 /* NestedAdapterViewController.swift */,
				84F30B012257A609008DA454 /* EmptyViewController.swift */,
				84CE8B5A2259F47B00B2D86A /* StoryboardViewController.swift */,
				84CE8B622259F95600B2D86A /* SingleSectionStoryboardViewController.swift */,
				84CE8B72225A23F200B2D86A /* WorkingRangeViewController.swift */,
				84CE8B78225A2E2700B2D86A /* StackedViewController.swift */,
				84DEEE1E2261BE95003832BD /* CalendarViewController.swift */,
				841EA9072267264800A817AD /* ReorderableViewController.swift */,
			);
			name = ViewControllers;
			sourceTree = "<group>";
		};
		84F30ADA225596BE008DA454 /* SectionControllers */ = {
			isa = PBXGroup;
			children = (
				84CE8A152259F2DA00B2D86A /* DemoSectionController.swift */,
				84F30AFF22579DCD008DA454 /* EmbeddedSectionController.swift */,
				84F30B032257A69D008DA454 /* RemoveSectionController.swift */,
				84F30AFB22579CE7008DA454 /* HorizontalSectionController.swift */,
				84F30ADD2255D33D008DA454 /* LabelSectionController.swift */,
				84F30AE922564E97008DA454 /* GridSectionController.swift */,
				84CE8B7A225A2E4200B2D86A /* DisplaySectionController.swift */,
				84F30AF522565290008DA454 /* UserSectionController.swift */,
				84F30AF32256522B008DA454 /* ExpandableSectionController.swift */,
				84CE8B5E2259F52500B2D86A /* StoryboardLabelSectionController.swift */,
				84CE8B74225A240A00B2D86A /* WorkingRangeSectionController.swift */,
				84DEEE222261BECF003832BD /* MonthSectionController.swift */,
				841EA9092267275100A817AD /* ReorderableSectionController.swift */,
			);
			name = SectionControllers;
			sourceTree = "<group>";
		};
		84F30ADF2255D356008DA454 /* Views */ = {
			isa = PBXGroup;
			children = (
				84DEEE292261BF32003832BD /* CalendarDayCell.swift */,
				84DEEE282261BF32003832BD /* MonthTitleCell.swift */,
				84CE8B6C225A1EF100B2D86A /* FullWidthSelfSizingCell.swift */,
				84CE8B76225A24EB00B2D86A /* ImageCell.swift */,
				84CE8B6A225A1ECF00B2D86A /* ManuallySelfSizingCell.swift */,
				84CE8B602259F57200B2D86A /* StoryboardCell.swift */,
				84F30AFD22579D46008DA454 /* EmbeddedCollectionViewCell.swift */,
				84F30ADB2255D2E6008DA454 /* SpinSection.swift */,
				84F30AF7225652DB008DA454 /* DetailLabelCell.swift */,
				84F30AE02255D3B0008DA454 /* LabelCell.swift */,
				84F30AF122564FAC008DA454 /* CenterLabelCell.swift */,
				84F30B052257A6C7008DA454 /* RemoveCell.swift */,
				84CE8B6F225A1F1600B2D86A /* NibSelfSizingCell.swift */,
				84CE8B6E225A1F1600B2D86A /* NibSelfSizingCell.xib */,
			);
			name = Views;
			sourceTree = "<group>";
		};
		84F30AE622564CF5008DA454 /* Models */ = {
			isa = PBXGroup;
			children = (
				84DEEE202261BEB5003832BD /* Month.swift */,
				84CE8B66225A1E4B00B2D86A /* SelectionModel.swift */,
				84CE8B7E225A3B3800B2D86A /* Person.swift */,
				84F30AEB22564EB5008DA454 /* User.swift */,
				84DEEE242261BF0D003832BD /* DayViewModel.swift */,
				84DEEE252261BF0D003832BD /* MonthTitleViewModel.swift */,
			);
			name = Models;
			sourceTree = "<group>";
		};
/* End PBXGroup section */

/* Begin PBXNativeTarget section */
		607FACCF1AFB9204008FA782 /* RxIGListKit_Example */ = {
			isa = PBXNativeTarget;
			buildConfigurationList = 607FACEF1AFB9204008FA782 /* Build configuration list for PBXNativeTarget "RxIGListKit_Example" */;
			buildPhases = (
				8044C4FC313B1BD15F6A6D5E /* [CP] Check Pods Manifest.lock */,
				607FACCC1AFB9204008FA782 /* Sources */,
				607FACCD1AFB9204008FA782 /* Frameworks */,
				607FACCE1AFB9204008FA782 /* Resources */,
				2DD3B9ECCE110A35B218DA36 /* [CP] Embed Pods Frameworks */,
			);
			buildRules = (
			);
			dependencies = (
			);
			name = RxIGListKit_Example;
			productName = RxIGListKit;
			productReference = 607FACD01AFB9204008FA782 /* RxIGListKit_Example.app */;
			productType = "com.apple.product-type.application";
		};
		607FACE41AFB9204008FA782 /* RxIGListKit_Tests */ = {
			isa = PBXNativeTarget;
			buildConfigurationList = 607FACF21AFB9204008FA782 /* Build configuration list for PBXNativeTarget "RxIGListKit_Tests" */;
			buildPhases = (
				BC16994A15293325B00EB4B1 /* [CP] Check Pods Manifest.lock */,
				607FACE11AFB9204008FA782 /* Sources */,
				607FACE21AFB9204008FA782 /* Frameworks */,
				607FACE31AFB9204008FA782 /* Resources */,
			);
			buildRules = (
			);
			dependencies = (
				607FACE71AFB9204008FA782 /* PBXTargetDependency */,
			);
			name = RxIGListKit_Tests;
			productName = Tests;
			productReference = 607FACE51AFB9204008FA782 /* RxIGListKit_Tests.xctest */;
			productType = "com.apple.product-type.bundle.unit-test";
		};
/* End PBXNativeTarget section */

/* Begin PBXProject section */
		607FACC81AFB9204008FA782 /* Project object */ = {
			isa = PBXProject;
			attributes = {
				LastSwiftUpdateCheck = 0830;
				LastUpgradeCheck = 1020;
				ORGANIZATIONNAME = CocoaPods;
				TargetAttributes = {
					607FACCF1AFB9204008FA782 = {
						CreatedOnToolsVersion = 6.3.1;
						DevelopmentTeam = NS27ZB8WPD;
						LastSwiftMigration = 1020;
					};
					607FACE41AFB9204008FA782 = {
						CreatedOnToolsVersion = 6.3.1;
						DevelopmentTeam = NS27ZB8WPD;
						LastSwiftMigration = 1020;
						TestTargetID = 607FACCF1AFB9204008FA782;
					};
				};
			};
			buildConfigurationList = 607FACCB1AFB9204008FA782 /* Build configuration list for PBXProject "RxIGListKit" */;
			compatibilityVersion = "Xcode 3.2";
			developmentRegion = en;
			hasScannedForEncodings = 0;
			knownRegions = (
				en,
				Base,
			);
			mainGroup = 607FACC71AFB9204008FA782;
			productRefGroup = 607FACD11AFB9204008FA782 /* Products */;
			projectDirPath = "";
			projectRoot = "";
			targets = (
				607FACCF1AFB9204008FA782 /* RxIGListKit_Example */,
				607FACE41AFB9204008FA782 /* RxIGListKit_Tests */,
			);
		};
/* End PBXProject section */

/* Begin PBXResourcesBuildPhase section */
		607FACCE1AFB9204008FA782 /* Resources */ = {
			isa = PBXResourcesBuildPhase;
			buildActionMask = 2147483647;
			files = (
				607FACDB1AFB9204008FA782 /* Main.storyboard in Resources */,
				84CE8B70225A1F1600B2D86A /* NibSelfSizingCell.xib in Resources */,
				84FA66742247D47100BB0B68 /* FeedCell.xib in Resources */,
				84CE8B592259F42D00B2D86A /* Demo.storyboard in Resources */,
				607FACE01AFB9204008FA782 /* LaunchScreen.xib in Resources */,
				607FACDD1AFB9204008FA782 /* Images.xcassets in Resources */,
			);
			runOnlyForDeploymentPostprocessing = 0;
		};
		607FACE31AFB9204008FA782 /* Resources */ = {
			isa = PBXResourcesBuildPhase;
			buildActionMask = 2147483647;
			files = (
			);
			runOnlyForDeploymentPostprocessing = 0;
		};
/* End PBXResourcesBuildPhase section */

/* Begin PBXShellScriptBuildPhase section */
		2DD3B9ECCE110A35B218DA36 /* [CP] Embed Pods Frameworks */ = {
			isa = PBXShellScriptBuildPhase;
			buildActionMask = 2147483647;
			files = (
			);
			inputFileListPaths = (
			);
			inputPaths = (
				"${PODS_ROOT}/Target Support Files/Pods-RxIGListKit_Example/Pods-RxIGListKit_Example-frameworks.sh",
				"${BUILT_PRODUCTS_DIR}/IGListKit/IGListKit.framework",
				"${BUILT_PRODUCTS_DIR}/RxCocoa/RxCocoa.framework",
				"${BUILT_PRODUCTS_DIR}/RxIGListKit/RxIGListKit.framework",
				"${BUILT_PRODUCTS_DIR}/RxSwift/RxSwift.framework",
			);
			name = "[CP] Embed Pods Frameworks";
			outputFileListPaths = (
			);
			outputPaths = (
				"${TARGET_BUILD_DIR}/${FRAMEWORKS_FOLDER_PATH}/IGListKit.framework",
				"${TARGET_BUILD_DIR}/${FRAMEWORKS_FOLDER_PATH}/RxCocoa.framework",
				"${TARGET_BUILD_DIR}/${FRAMEWORKS_FOLDER_PATH}/RxIGListKit.framework",
				"${TARGET_BUILD_DIR}/${FRAMEWORKS_FOLDER_PATH}/RxSwift.framework",
			);
			runOnlyForDeploymentPostprocessing = 0;
			shellPath = /bin/sh;
			shellScript = "\"${PODS_ROOT}/Target Support Files/Pods-RxIGListKit_Example/Pods-RxIGListKit_Example-frameworks.sh\"\n";
			showEnvVarsInLog = 0;
		};
		8044C4FC313B1BD15F6A6D5E /* [CP] Check Pods Manifest.lock */ = {
			isa = PBXShellScriptBuildPhase;
			buildActionMask = 2147483647;
			files = (
			);
			inputFileListPaths = (
			);
			inputPaths = (
				"${PODS_PODFILE_DIR_PATH}/Podfile.lock",
				"${PODS_ROOT}/Manifest.lock",
			);
			name = "[CP] Check Pods Manifest.lock";
			outputFileListPaths = (
			);
			outputPaths = (
				"$(DERIVED_FILE_DIR)/Pods-RxIGListKit_Example-checkManifestLockResult.txt",
			);
			runOnlyForDeploymentPostprocessing = 0;
			shellPath = /bin/sh;
			shellScript = "diff \"${PODS_PODFILE_DIR_PATH}/Podfile.lock\" \"${PODS_ROOT}/Manifest.lock\" > /dev/null\nif [ $? != 0 ] ; then\n    # print error to STDERR\n    echo \"error: The sandbox is not in sync with the Podfile.lock. Run 'pod install' or update your CocoaPods installation.\" >&2\n    exit 1\nfi\n# This output is used by Xcode 'outputs' to avoid re-running this script phase.\necho \"SUCCESS\" > \"${SCRIPT_OUTPUT_FILE_0}\"\n";
			showEnvVarsInLog = 0;
		};
		BC16994A15293325B00EB4B1 /* [CP] Check Pods Manifest.lock */ = {
			isa = PBXShellScriptBuildPhase;
			buildActionMask = 2147483647;
			files = (
			);
			inputFileListPaths = (
			);
			inputPaths = (
				"${PODS_PODFILE_DIR_PATH}/Podfile.lock",
				"${PODS_ROOT}/Manifest.lock",
			);
			name = "[CP] Check Pods Manifest.lock";
			outputFileListPaths = (
			);
			outputPaths = (
				"$(DERIVED_FILE_DIR)/Pods-RxIGListKit_Tests-checkManifestLockResult.txt",
			);
			runOnlyForDeploymentPostprocessing = 0;
			shellPath = /bin/sh;
			shellScript = "diff \"${PODS_PODFILE_DIR_PATH}/Podfile.lock\" \"${PODS_ROOT}/Manifest.lock\" > /dev/null\nif [ $? != 0 ] ; then\n    # print error to STDERR\n    echo \"error: The sandbox is not in sync with the Podfile.lock. Run 'pod install' or update your CocoaPods installation.\" >&2\n    exit 1\nfi\n# This output is used by Xcode 'outputs' to avoid re-running this script phase.\necho \"SUCCESS\" > \"${SCRIPT_OUTPUT_FILE_0}\"\n";
			showEnvVarsInLog = 0;
		};
/* End PBXShellScriptBuildPhase section */

/* Begin PBXSourcesBuildPhase section */
		607FACCC1AFB9204008FA782 /* Sources */ = {
			isa = PBXSourcesBuildPhase;
			buildActionMask = 2147483647;
			files = (
				84DEEE2B2261BF33003832BD /* CalendarDayCell.swift in Sources */,
				84F30B0022579DCE008DA454 /* EmbeddedSectionController.swift in Sources */,
				84F30AE3225605AA008DA454 /* SearchViewController.swift in Sources */,
				607FACD81AFB9204008FA782 /* ViewController.swift in Sources */,
				84CE8B5F2259F52500B2D86A /* StoryboardLabelSectionController.swift in Sources */,
				84F30AF8225652DB008DA454 /* DetailLabelCell.swift in Sources */,
				84F30AF622565290008DA454 /* UserSectionController.swift in Sources */,
				842F4851224FBA2700719FC9 /* FeedSectionController.swift in Sources */,
				841EA9082267264800A817AD /* ReorderableViewController.swift in Sources */,
				84DEEE2A2261BF33003832BD /* MonthTitleCell.swift in Sources */,
				841EA90A2267275100A817AD /* ReorderableSectionController.swift in Sources */,
				84CE8B75225A240A00B2D86A /* WorkingRangeSectionController.swift in Sources */,
				84CE8B632259F95600B2D86A /* SingleSectionStoryboardViewController.swift in Sources */,
				84F30AFA22579A23008DA454 /* NestedAdapterViewController.swift in Sources */,
				84CE8B7B225A2E4300B2D86A /* DisplaySectionController.swift in Sources */,
				84F30AF222564FAD008DA454 /* CenterLabelCell.swift in Sources */,
				84F30AE12255D3B0008DA454 /* LabelCell.swift in Sources */,
				84CE8B7F225A3B3800B2D86A /* Person.swift in Sources */,
				84CE8B67225A1E4B00B2D86A /* SelectionModel.swift in Sources */,
				84FA66732247D47100BB0B68 /* FeedCell.swift in Sources */,
				84CE8B6B225A1ED000B2D86A /* ManuallySelfSizingCell.swift in Sources */,
				84804A8B22492414000E26F4 /* CenterItem.swift in Sources */,
				84CE8A162259F2DA00B2D86A /* DemoSectionController.swift in Sources */,
				84F30B042257A69E008DA454 /* RemoveSectionController.swift in Sources */,
				84F30AFE22579D46008DA454 /* EmbeddedCollectionViewCell.swift in Sources */,
				84F30AE822564D19008DA454 /* MixedDataViewController.swift in Sources */,
				84F30AD9225596B1008DA454 /* TailLoadingViewController.swift in Sources */,
				84CE8B612259F57200B2D86A /* StoryboardCell.swift in Sources */,
				84CE8B79225A2E2800B2D86A /* StackedViewController.swift in Sources */,
				84CE8B73225A23F200B2D86A /* WorkingRangeViewController.swift in Sources */,
				84CE8A142259F29A00B2D86A /* DemosViewController.swift in Sources */,
				84F30B0D2258C1B1008DA454 /* SingleSectionViewController.swift in Sources */,
				84F30ADC2255D2E6008DA454 /* SpinSection.swift in Sources */,
				84FA66702247CF1600BB0B68 /* Feed.swift in Sources */,
				607FACD61AFB9204008FA782 /* AppDelegate.swift in Sources */,
				84CE8B77225A24EB00B2D86A /* ImageCell.swift in Sources */,
				84CE8B6D225A1EF100B2D86A /* FullWidthSelfSizingCell.swift in Sources */,
				84F30B022257A609008DA454 /* EmptyViewController.swift in Sources */,
				84F30AEC22564EB5008DA454 /* User.swift in Sources */,
				84DEEE232261BECF003832BD /* MonthSectionController.swift in Sources */,
				84F30B062257A6C7008DA454 /* RemoveCell.swift in Sources */,
				84DEEE212261BEB5003832BD /* Month.swift in Sources */,
				84CE8B71225A1F1600B2D86A /* NibSelfSizingCell.swift in Sources */,
				84DEEE1F2261BE95003832BD /* CalendarViewController.swift in Sources */,
				84CE8B5B2259F47B00B2D86A /* StoryboardViewController.swift in Sources */,
				84DEEE262261BF0D003832BD /* DayViewModel.swift in Sources */,
				84F30ADE2255D33D008DA454 /* LabelSectionController.swift in Sources */,
				84F30AF42256522B008DA454 /* ExpandableSectionController.swift in Sources */,
				84DEEE272261BF0D003832BD /* MonthTitleViewModel.swift in Sources */,
				84F30AEA22564E98008DA454 /* GridSectionController.swift in Sources */,
				84F30AFC22579CE7008DA454 /* HorizontalSectionController.swift in Sources */,
			);
			runOnlyForDeploymentPostprocessing = 0;
		};
		607FACE11AFB9204008FA782 /* Sources */ = {
			isa = PBXSourcesBuildPhase;
			buildActionMask = 2147483647;
			files = (
				607FACEC1AFB9204008FA782 /* Tests.swift in Sources */,
			);
			runOnlyForDeploymentPostprocessing = 0;
		};
/* End PBXSourcesBuildPhase section */

/* Begin PBXTargetDependency section */
		607FACE71AFB9204008FA782 /* PBXTargetDependency */ = {
			isa = PBXTargetDependency;
			target = 607FACCF1AFB9204008FA782 /* RxIGListKit_Example */;
			targetProxy = 607FACE61AFB9204008FA782 /* PBXContainerItemProxy */;
		};
/* End PBXTargetDependency section */

/* Begin PBXVariantGroup section */
		607FACD91AFB9204008FA782 /* Main.storyboard */ = {
			isa = PBXVariantGroup;
			children = (
				607FACDA1AFB9204008FA782 /* Base */,
			);
			name = Main.storyboard;
			sourceTree = "<group>";
		};
		607FACDE1AFB9204008FA782 /* LaunchScreen.xib */ = {
			isa = PBXVariantGroup;
			children = (
				607FACDF1AFB9204008FA782 /* Base */,
			);
			name = LaunchScreen.xib;
			sourceTree = "<group>";
		};
/* End PBXVariantGroup section */

/* Begin XCBuildConfiguration section */
		607FACED1AFB9204008FA782 /* Debug */ = {
			isa = XCBuildConfiguration;
			buildSettings = {
				ALWAYS_SEARCH_USER_PATHS = NO;
				CLANG_ANALYZER_LOCALIZABILITY_NONLOCALIZED = YES;
				CLANG_CXX_LANGUAGE_STANDARD = "gnu++0x";
				CLANG_CXX_LIBRARY = "libc++";
				CLANG_ENABLE_MODULES = YES;
				CLANG_ENABLE_OBJC_ARC = YES;
				CLANG_WARN_BLOCK_CAPTURE_AUTORELEASING = YES;
				CLANG_WARN_BOOL_CONVERSION = YES;
				CLANG_WARN_COMMA = YES;
				CLANG_WARN_CONSTANT_CONVERSION = YES;
				CLANG_WARN_DEPRECATED_OBJC_IMPLEMENTATIONS = YES;
				CLANG_WARN_DIRECT_OBJC_ISA_USAGE = YES_ERROR;
				CLANG_WARN_EMPTY_BODY = YES;
				CLANG_WARN_ENUM_CONVERSION = YES;
				CLANG_WARN_INFINITE_RECURSION = YES;
				CLANG_WARN_INT_CONVERSION = YES;
				CLANG_WARN_NON_LITERAL_NULL_CONVERSION = YES;
				CLANG_WARN_OBJC_IMPLICIT_RETAIN_SELF = YES;
				CLANG_WARN_OBJC_LITERAL_CONVERSION = YES;
				CLANG_WARN_OBJC_ROOT_CLASS = YES_ERROR;
				CLANG_WARN_RANGE_LOOP_ANALYSIS = YES;
				CLANG_WARN_STRICT_PROTOTYPES = YES;
				CLANG_WARN_SUSPICIOUS_MOVE = YES;
				CLANG_WARN_UNREACHABLE_CODE = YES;
				CLANG_WARN__DUPLICATE_METHOD_MATCH = YES;
				"CODE_SIGN_IDENTITY[sdk=iphoneos*]" = "iPhone Developer";
				COPY_PHASE_STRIP = NO;
				DEBUG_INFORMATION_FORMAT = "dwarf-with-dsym";
				ENABLE_STRICT_OBJC_MSGSEND = YES;
				ENABLE_TESTABILITY = YES;
				GCC_C_LANGUAGE_STANDARD = gnu99;
				GCC_DYNAMIC_NO_PIC = NO;
				GCC_NO_COMMON_BLOCKS = YES;
				GCC_OPTIMIZATION_LEVEL = 0;
				GCC_PREPROCESSOR_DEFINITIONS = (
					"DEBUG=1",
					"$(inherited)",
				);
				GCC_SYMBOLS_PRIVATE_EXTERN = NO;
				GCC_WARN_64_TO_32_BIT_CONVERSION = YES;
				GCC_WARN_ABOUT_RETURN_TYPE = YES_ERROR;
				GCC_WARN_UNDECLARED_SELECTOR = YES;
				GCC_WARN_UNINITIALIZED_AUTOS = YES_AGGRESSIVE;
				GCC_WARN_UNUSED_FUNCTION = YES;
				GCC_WARN_UNUSED_VARIABLE = YES;
				IPHONEOS_DEPLOYMENT_TARGET = 9.3;
				MTL_ENABLE_DEBUG_INFO = YES;
				ONLY_ACTIVE_ARCH = YES;
				SDKROOT = iphoneos;
				SWIFT_OPTIMIZATION_LEVEL = "-Onone";
			};
			name = Debug;
		};
		607FACEE1AFB9204008FA782 /* Release */ = {
			isa = XCBuildConfiguration;
			buildSettings = {
				ALWAYS_SEARCH_USER_PATHS = NO;
				CLANG_ANALYZER_LOCALIZABILITY_NONLOCALIZED = YES;
				CLANG_CXX_LANGUAGE_STANDARD = "gnu++0x";
				CLANG_CXX_LIBRARY = "libc++";
				CLANG_ENABLE_MODULES = YES;
				CLANG_ENABLE_OBJC_ARC = YES;
				CLANG_WARN_BLOCK_CAPTURE_AUTORELEASING = YES;
				CLANG_WARN_BOOL_CONVERSION = YES;
				CLANG_WARN_COMMA = YES;
				CLANG_WARN_CONSTANT_CONVERSION = YES;
				CLANG_WARN_DEPRECATED_OBJC_IMPLEMENTATIONS = YES;
				CLANG_WARN_DIRECT_OBJC_ISA_USAGE = YES_ERROR;
				CLANG_WARN_EMPTY_BODY = YES;
				CLANG_WARN_ENUM_CONVERSION = YES;
				CLANG_WARN_INFINITE_RECURSION = YES;
				CLANG_WARN_INT_CONVERSION = YES;
				CLANG_WARN_NON_LITERAL_NULL_CONVERSION = YES;
				CLANG_WARN_OBJC_IMPLICIT_RETAIN_SELF = YES;
				CLANG_WARN_OBJC_LITERAL_CONVERSION = YES;
				CLANG_WARN_OBJC_ROOT_CLASS = YES_ERROR;
				CLANG_WARN_RANGE_LOOP_ANALYSIS = YES;
				CLANG_WARN_STRICT_PROTOTYPES = YES;
				CLANG_WARN_SUSPICIOUS_MOVE = YES;
				CLANG_WARN_UNREACHABLE_CODE = YES;
				CLANG_WARN__DUPLICATE_METHOD_MATCH = YES;
				"CODE_SIGN_IDENTITY[sdk=iphoneos*]" = "iPhone Developer";
				COPY_PHASE_STRIP = NO;
				DEBUG_INFORMATION_FORMAT = "dwarf-with-dsym";
				ENABLE_NS_ASSERTIONS = NO;
				ENABLE_STRICT_OBJC_MSGSEND = YES;
				GCC_C_LANGUAGE_STANDARD = gnu99;
				GCC_NO_COMMON_BLOCKS = YES;
				GCC_WARN_64_TO_32_BIT_CONVERSION = YES;
				GCC_WARN_ABOUT_RETURN_TYPE = YES_ERROR;
				GCC_WARN_UNDECLARED_SELECTOR = YES;
				GCC_WARN_UNINITIALIZED_AUTOS = YES_AGGRESSIVE;
				GCC_WARN_UNUSED_FUNCTION = YES;
				GCC_WARN_UNUSED_VARIABLE = YES;
				IPHONEOS_DEPLOYMENT_TARGET = 9.3;
				MTL_ENABLE_DEBUG_INFO = NO;
				SDKROOT = iphoneos;
				SWIFT_OPTIMIZATION_LEVEL = "-Owholemodule";
				VALIDATE_PRODUCT = YES;
			};
			name = Release;
		};
		607FACF01AFB9204008FA782 /* Debug */ = {
			isa = XCBuildConfiguration;
			baseConfigurationReference = 45BA07AF27EAEBFB31D84918 /* Pods-RxIGListKit_Example.debug.xcconfig */;
			buildSettings = {
				ASSETCATALOG_COMPILER_APPICON_NAME = AppIcon;
				DEVELOPMENT_TEAM = NS27ZB8WPD;
				INFOPLIST_FILE = RxIGListKit/Info.plist;
				LD_RUNPATH_SEARCH_PATHS = "$(inherited) @executable_path/Frameworks";
				MODULE_NAME = ExampleApp;
				PRODUCT_BUNDLE_IDENTIFIER = "org.cocoapods.demo.$(PRODUCT_NAME:rfc1034identifier)";
				PRODUCT_NAME = "$(TARGET_NAME)";
				SWIFT_VERSION = 5.0;
			};
			name = Debug;
		};
		607FACF11AFB9204008FA782 /* Release */ = {
			isa = XCBuildConfiguration;
			baseConfigurationReference = 0E2A00BDCABBD11829BB5BD4 /* Pods-RxIGListKit_Example.release.xcconfig */;
			buildSettings = {
				ASSETCATALOG_COMPILER_APPICON_NAME = AppIcon;
				DEVELOPMENT_TEAM = NS27ZB8WPD;
				INFOPLIST_FILE = RxIGListKit/Info.plist;
				LD_RUNPATH_SEARCH_PATHS = "$(inherited) @executable_path/Frameworks";
				MODULE_NAME = ExampleApp;
				PRODUCT_BUNDLE_IDENTIFIER = "org.cocoapods.demo.$(PRODUCT_NAME:rfc1034identifier)";
				PRODUCT_NAME = "$(TARGET_NAME)";
				SWIFT_VERSION = 5.0;
			};
			name = Release;
		};
		607FACF31AFB9204008FA782 /* Debug */ = {
			isa = XCBuildConfiguration;
			baseConfigurationReference = B1D0884007A8C93E1894F8E0 /* Pods-RxIGListKit_Tests.debug.xcconfig */;
			buildSettings = {
				DEVELOPMENT_TEAM = NS27ZB8WPD;
				FRAMEWORK_SEARCH_PATHS = (
					"$(SDKROOT)/Developer/Library/Frameworks",
					"$(inherited)",
				);
				GCC_PREPROCESSOR_DEFINITIONS = (
					"DEBUG=1",
					"$(inherited)",
				);
				INFOPLIST_FILE = Tests/Info.plist;
				LD_RUNPATH_SEARCH_PATHS = "$(inherited) @executable_path/Frameworks @loader_path/Frameworks";
				PRODUCT_BUNDLE_IDENTIFIER = "org.cocoapods.$(PRODUCT_NAME:rfc1034identifier)";
				PRODUCT_NAME = "$(TARGET_NAME)";
				SWIFT_VERSION = 5.0;
				TEST_HOST = "$(BUILT_PRODUCTS_DIR)/RxIGListKit_Example.app/RxIGListKit_Example";
			};
			name = Debug;
		};
		607FACF41AFB9204008FA782 /* Release */ = {
			isa = XCBuildConfiguration;
			baseConfigurationReference = 1E0C94DF3469DA7D211A3E14 /* Pods-RxIGListKit_Tests.release.xcconfig */;
			buildSettings = {
				DEVELOPMENT_TEAM = NS27ZB8WPD;
				FRAMEWORK_SEARCH_PATHS = (
					"$(SDKROOT)/Developer/Library/Frameworks",
					"$(inherited)",
				);
				INFOPLIST_FILE = Tests/Info.plist;
				LD_RUNPATH_SEARCH_PATHS = "$(inherited) @executable_path/Frameworks @loader_path/Frameworks";
				PRODUCT_BUNDLE_IDENTIFIER = "org.cocoapods.$(PRODUCT_NAME:rfc1034identifier)";
				PRODUCT_NAME = "$(TARGET_NAME)";
				SWIFT_VERSION = 5.0;
				TEST_HOST = "$(BUILT_PRODUCTS_DIR)/RxIGListKit_Example.app/RxIGListKit_Example";
			};
			name = Release;
		};
/* End XCBuildConfiguration section */

/* Begin XCConfigurationList section */
		607FACCB1AFB9204008FA782 /* Build configuration list for PBXProject "RxIGListKit" */ = {
			isa = XCConfigurationList;
			buildConfigurations = (
				607FACED1AFB9204008FA782 /* Debug */,
				607FACEE1AFB9204008FA782 /* Release */,
			);
			defaultConfigurationIsVisible = 0;
			defaultConfigurationName = Release;
		};
		607FACEF1AFB9204008FA782 /* Build configuration list for PBXNativeTarget "RxIGListKit_Example" */ = {
			isa = XCConfigurationList;
			buildConfigurations = (
				607FACF01AFB9204008FA782 /* Debug */,
				607FACF11AFB9204008FA782 /* Release */,
			);
			defaultConfigurationIsVisible = 0;
			defaultConfigurationName = Release;
		};
		607FACF21AFB9204008FA782 /* Build configuration list for PBXNativeTarget "RxIGListKit_Tests" */ = {
			isa = XCConfigurationList;
			buildConfigurations = (
				607FACF31AFB9204008FA782 /* Debug */,
				607FACF41AFB9204008FA782 /* Release */,
			);
			defaultConfigurationIsVisible = 0;
			defaultConfigurationName = Release;
		};
/* End XCConfigurationList section */
	};
	rootObject = 607FACC81AFB9204008FA782 /* Project object */;
}
